// !$*UTF8*$!
{
	archiveVersion = 1;
	classes = {
	};
	objectVersion = 46;
	objects = {

/* Begin PBXBuildFile section */
		A563823E1D866A69003EC2FA /* AppDelegate.swift in Sources */ = {isa = PBXBuildFile; fileRef = A563823D1D866A69003EC2FA /* AppDelegate.swift */; };
		A56382401D866A69003EC2FA /* ViewController.swift in Sources */ = {isa = PBXBuildFile; fileRef = A563823F1D866A69003EC2FA /* ViewController.swift */; };
		A56382431D866A69003EC2FA /* Main.storyboard in Resources */ = {isa = PBXBuildFile; fileRef = A56382411D866A69003EC2FA /* Main.storyboard */; };
		A56382451D866A69003EC2FA /* Assets.xcassets in Resources */ = {isa = PBXBuildFile; fileRef = A56382441D866A69003EC2FA /* Assets.xcassets */; };
		A56382481D866A69003EC2FA /* LaunchScreen.storyboard in Resources */ = {isa = PBXBuildFile; fileRef = A56382461D866A69003EC2FA /* LaunchScreen.storyboard */; };
/* End PBXBuildFile section */

/* Begin PBXFileReference section */
		A563823A1D866A69003EC2FA /* DD.app */ = {isa = PBXFileReference; explicitFileType = wrapper.application; includeInIndex = 0; path = DD.app; sourceTree = BUILT_PRODUCTS_DIR; };
		A563823D1D866A69003EC2FA /* AppDelegate.swift */ = {isa = PBXFileReference; lastKnownFileType = sourcecode.swift; path = AppDelegate.swift; sourceTree = "<group>"; };
		A563823F1D866A69003EC2FA /* ViewController.swift */ = {isa = PBXFileReference; lastKnownFileType = sourcecode.swift; path = ViewController.swift; sourceTree = "<group>"; };
		A56382421D866A69003EC2FA /* Base */ = {isa = PBXFileReference; lastKnownFileType = file.storyboard; name = Base; path = Base.lproj/Main.storyboard; sourceTree = "<group>"; };
		A56382441D866A69003EC2FA /* Assets.xcassets */ = {isa = PBXFileReference; lastKnownFileType = folder.assetcatalog; path = Assets.xcassets; sourceTree = "<group>"; };
		A56382471D866A69003EC2FA /* Base */ = {isa = PBXFileReference; lastKnownFileType = file.storyboard; name = Base; path = Base.lproj/LaunchScreen.storyboard; sourceTree = "<group>"; };
		A56382491D866A69003EC2FA /* Info.plist */ = {isa = PBXFileReference; lastKnownFileType = text.plist.xml; path = Info.plist; sourceTree = "<group>"; };
/* End PBXFileReference section */

/* Begin PBXFrameworksBuildPhase section */
		A56382371D866A69003EC2FA /* Frameworks */ = {
			isa = PBXFrameworksBuildPhase;
			buildActionMask = 2147483647;
			files = (
			);
			runOnlyForDeploymentPostprocessing = 0;
		};
/* End PBXFrameworksBuildPhase section */

/* Begin PBXGroup section */
		A56382311D866A69003EC2FA = {
			isa = PBXGroup;
			children = (
				A563823C1D866A69003EC2FA /* DD */,
				A563823B1D866A69003EC2FA /* Products */,
			);
			sourceTree = "<group>";
		};
		A563823B1D866A69003EC2FA /* Products */ = {
			isa = PBXGroup;
			children = (
				A563823A1D866A69003EC2FA /* DD.app */,
			);
			name = Products;
			sourceTree = "<group>";
		};
		A563823C1D866A69003EC2FA /* DD */ = {
			isa = PBXGroup;
			children = (
				A563823D1D866A69003EC2FA /* AppDelegate.swift */,
				A563823F1D866A69003EC2FA /* ViewController.swift */,
				A56382411D866A69003EC2FA /* Main.storyboard */,
				A56382441D866A69003EC2FA /* Assets.xcassets */,
				A56382461D866A69003EC2FA /* LaunchScreen.storyboard */,
				A56382491D866A69003EC2FA /* Info.plist */,
			);
			path = DD;
			sourceTree = "<group>";
		};
/* End PBXGroup section */

/* Begin PBXNativeTarget section */
		A56382391D866A69003EC2FA /* DD */ = {
			isa = PBXNativeTarget;
			buildConfigurationList = A563824C1D866A69003EC2FA /* Build configuration list for PBXNativeTarget "DD" */;
			buildPhases = (
				A56382361D866A69003EC2FA /* Sources */,
				A56382371D866A69003EC2FA /* Frameworks */,
				A56382381D866A69003EC2FA /* Resources */,
			);
			buildRules = (
			);
			dependencies = (
			);
			name = DD;
			productName = DD;
			productReference = A563823A1D866A69003EC2FA /* DD.app */;
			productType = "com.apple.product-type.application";
		};
/* End PBXNativeTarget section */

/* Begin PBXProject section */
		A56382321D866A69003EC2FA /* Project object */ = {
			isa = PBXProject;
			attributes = {
				LastSwiftUpdateCheck = 0730;
				LastUpgradeCheck = 0730;
				ORGANIZATIONNAME = cyc;
				TargetAttributes = {
					A56382391D866A69003EC2FA = {
						CreatedOnToolsVersion = 7.3.1;
					};
				};
			};
			buildConfigurationList = A56382351D866A69003EC2FA /* Build configuration list for PBXProject "DD" */;
			compatibilityVersion = "Xcode 3.2";
			developmentRegion = English;
			hasScannedForEncodings = 0;
			knownRegions = (
				en,
				Base,
			);
			mainGroup = A56382311D866A69003EC2FA;
			productRefGroup = A563823B1D866A69003EC2FA /* Products */;
			projectDirPath = "";
			projectRoot = "";
			targets = (
				A56382391D866A69003EC2FA /* DD */,
			);
		};
/* End PBXProject section */

/* Begin PBXResourcesBuildPhase section */
		A56382381D866A69003EC2FA /* Resources */ = {
			isa = PBXResourcesBuildPhase;
			buildActionMask = 2147483647;
			files = (
				A56382481D866A69003EC2FA /* LaunchScreen.storyboard in Resources */,
				A56382451D866A69003EC2FA /* Assets.xcassets in Resources */,
				A56382431D866A69003EC2FA /* Main.storyboard in Resources */,
			);
			runOnlyForDeploymentPostprocessing = 0;
		};
/* End PBXResourcesBuildPhase section */

/* Begin PBXSourcesBuildPhase section */
		A56382361D866A69003EC2FA /* Sources */ = {
			isa = PBXSourcesBuildPhase;
			buildActionMask = 2147483647;
			files = (
				A56382401D866A69003EC2FA /* ViewController.swift in Sources */,
				A563823E1D866A69003EC2FA /* AppDelegate.swift in Sources */,
			);
			runOnlyForDeploymentPostprocessing = 0;
		};
/* End PBXSourcesBuildPhase section */

/* Begin PBXVariantGroup section */
		A56382411D866A69003EC2FA /* Main.storyboard */ = {
			isa = PBXVariantGroup;
			children = (
				A56382421D866A69003EC2FA /* Base */,
			);
			name = Main.storyboard;
			sourceTree = "<group>";
		};
		A56382461D866A69003EC2FA /* LaunchScreen.storyboard */ = {
			isa = PBXVariantGroup;
			children = (
				A56382471D866A69003EC2FA /* Base */,
			);
			name = LaunchScreen.storyboard;
			sourceTree = "<group>";
		};
/* End PBXVariantGroup section */

/* Begin XCBuildConfiguration section */
		A563824A1D866A69003EC2FA /* Debug */ = {
			isa = XCBuildConfiguration;
			buildSettings = {
				ALWAYS_SEARCH_USER_PATHS = NO;
				CLANG_ANALYZER_NONNULL = YES;
				CLANG_CXX_LANGUAGE_STANDARD = "gnu++0x";
				CLANG_CXX_LIBRARY = "libc++";
				CLANG_ENABLE_MODULES = YES;
				CLANG_ENABLE_OBJC_ARC = YES;
				CLANG_WARN_BOOL_CONVERSION = YES;
				CLANG_WARN_CONSTANT_CONVERSION = YES;
				CLANG_WARN_DIRECT_OBJC_ISA_USAGE = YES_ERROR;
				CLANG_WARN_EMPTY_BODY = YES;
				CLANG_WARN_ENUM_CONVERSION = YES;
				CLANG_WARN_INT_CONVERSION = YES;
				CLANG_WARN_OBJC_ROOT_CLASS = YES_ERROR;
				CLANG_WARN_UNREACHABLE_CODE = YES;
				CLANG_WARN__DUPLICATE_METHOD_MATCH = YES;
				"CODE_SIGN_IDENTITY[sdk=iphoneos*]" = "iPhone Developer";
				COPY_PHASE_STRIP = NO;
				DEBUG_INFORMATION_FORMAT = dwarf;
				ENABLE_STRICT_OBJC_MSGSEND = YES;
				ENABLE_TESTABILITY = YES;
				GCC_C_LANGUAGE_STANDARD = gnu99;
				GCC_DYNAMIC_NO_PIC = NO;
				GCC_NO_COMMON_BLOCKS = YES;
				GCC_OPTIMIZATION_LEVEL = 0;
				GCC_PREPROCESSOR_DEFINITIONS = (
					"DEBUG=1",
					"$(inherited)",
				);
				GCC_WARN_64_TO_32_BIT_CONVERSION = YES;
				GCC_WARN_ABOUT_RETURN_TYPE = YES_ERROR;
				GCC_WARN_UNDECLARED_SELECTOR = YES;
				GCC_WARN_UNINITIALIZED_AUTOS = YES_AGGRESSIVE;
				GCC_WARN_UNUSED_FUNCTION = YES;
				GCC_WARN_UNUSED_VARIABLE = YES;
				IPHONEOS_DEPLOYMENT_TARGET = 9.3;
				MTL_ENABLE_DEBUG_INFO = YES;
				ONLY_ACTIVE_ARCH = YES;
				SDKROOT = iphoneos;
				SWIFT_OPTIMIZATION_LEVEL = "-Onone";
			};
			name = Debug;
		};
		A563824B1D866A69003EC2FA /* Release */ = {
			isa = XCBuildConfiguration;
			buildSettings = {
				ALWAYS_SEARCH_USER_PATHS = NO;
				CLANG_ANALYZER_NONNULL = YES;
				CLANG_CXX_LANGUAGE_STANDARD = "gnu++0x";
				CLANG_CXX_LIBRARY = "libc++";
				CLANG_ENABLE_MODULES = YES;
				CLANG_ENABLE_OBJC_ARC = YES;
				CLANG_WARN_BOOL_CONVERSION = YES;
				CLANG_WARN_CONSTANT_CONVERSION = YES;
				CLANG_WARN_DIRECT_OBJC_ISA_USAGE = YES_ERROR;
				CLANG_WARN_EMPTY_BODY = YES;
				CLANG_WARN_ENUM_CONVERSION = YES;
				CLANG_WARN_INT_CONVERSION = YES;
				CLANG_WARN_OBJC_ROOT_CLASS = YES_ERROR;
				CLANG_WARN_UNREACHABLE_CODE = YES;
				CLANG_WARN__DUPLICATE_METHOD_MATCH = YES;
				"CODE_SIGN_IDENTITY[sdk=iphoneos*]" = "iPhone Developer";
				COPY_PHASE_STRIP = NO;
				DEBUG_INFORMATION_FORMAT = "dwarf-with-dsym";
				ENABLE_NS_ASSERTIONS = NO;
				ENABLE_STRICT_OBJC_MSGSEND = YES;
				GCC_C_LANGUAGE_STANDARD = gnu99;
				GCC_NO_COMMON_BLOCKS = YES;
				GCC_WARN_64_TO_32_BIT_CONVERSION = YES;
				GCC_WARN_ABOUT_RETURN_TYPE = YES_ERROR;
				GCC_WARN_UNDECLARED_SELECTOR = YES;
				GCC_WARN_UNINITIALIZED_AUTOS = YES_AGGRESSIVE;
				GCC_WARN_UNUSED_FUNCTION = YES;
				GCC_WARN_UNUSED_VARIABLE = YES;
				IPHONEOS_DEPLOYMENT_TARGET = 9.3;
				MTL_ENABLE_DEBUG_INFO = NO;
				SDKROOT = iphoneos;
				VALIDATE_PRODUCT = YES;
			};
			name = Release;
		};
		A563824D1D866A69003EC2FA /* Debug */ = {
			isa = XCBuildConfiguration;
			buildSettings = {
				ASSETCATALOG_COMPILER_APPICON_NAME = AppIcon;
				INFOPLIST_FILE = DD/Info.plist;
				LD_RUNPATH_SEARCH_PATHS = "$(inherited) @executable_path/Frameworks";
				PRODUCT_BUNDLE_IDENTIFIER = com.cyc.DD;
				PRODUCT_NAME = "$(TARGET_NAME)";
			};
			name = Debug;
		};
		A563824E1D866A69003EC2FA /* Release */ = {
			isa = XCBuildConfiguration;
			buildSettings = {
				ASSETCATALOG_COMPILER_APPICON_NAME = AppIcon;
				INFOPLIST_FILE = DD/Info.plist;
				LD_RUNPATH_SEARCH_PATHS = "$(inherited) @executable_path/Frameworks";
				PRODUCT_BUNDLE_IDENTIFIER = com.cyc.DD;
				PRODUCT_NAME = "$(TARGET_NAME)";
			};
			name = Release;
		};
/* End XCBuildConfiguration section */

/* Begin XCConfigurationList section */
		A56382351D866A69003EC2FA /* Build configuration list for PBXProject "DD" */ = {
			isa = XCConfigurationList;
			buildConfigurations = (
				A563824A1D866A69003EC2FA /* Debug */,
				A563824B1D866A69003EC2FA /* Release */,
			);
			defaultConfigurationIsVisible = 0;
			defaultConfigurationName = Release;
		};
		A563824C1D866A69003EC2FA /* Build configuration list for PBXNativeTarget "DD" */ = {
			isa = XCConfigurationList;
			buildConfigurations = (
				A563824D1D866A69003EC2FA /* Debug */,
				A563824E1D866A69003EC2FA /* Release */,
			);
			defaultConfigurationIsVisible = 0;
		};
/* End XCConfigurationList section */
	};
	rootObject = A56382321D866A69003EC2FA /* Project object */;
}
